// !$*UTF8*$!
{
	archiveVersion = 1;
	classes = {
	};
	objectVersion = 50;
	objects = {

/* Begin PBXBuildFile section */
		9B113F5724593A9D00C98EA4 /* SceneDelegate.swift in Sources */ = {isa = PBXBuildFile; fileRef = 9B113F5624593A9D00C98EA4 /* SceneDelegate.swift */; };
		9B113F7B245A017C00C98EA4 /* Upcoming_EventsTests.swift in Sources */ = {isa = PBXBuildFile; fileRef = 9B113F7A245A017C00C98EA4 /* Upcoming_EventsTests.swift */; };
		9B113F86245A065300C98EA4 /* testEvents.json in Resources */ = {isa = PBXBuildFile; fileRef = 9B113F85245A065300C98EA4 /* testEvents.json */; };
		9B113F87245A065300C98EA4 /* testEvents.json in Resources */ = {isa = PBXBuildFile; fileRef = 9B113F85245A065300C98EA4 /* testEvents.json */; };
		9B29E5B224579582007C12FA /* AppDelegate.swift in Sources */ = {isa = PBXBuildFile; fileRef = 9B29E5B124579582007C12FA /* AppDelegate.swift */; };
		9B29E5B624579582007C12FA /* ViewController.swift in Sources */ = {isa = PBXBuildFile; fileRef = 9B29E5B524579582007C12FA /* ViewController.swift */; };
		9B29E5B924579582007C12FA /* Main.storyboard in Resources */ = {isa = PBXBuildFile; fileRef = 9B29E5B724579582007C12FA /* Main.storyboard */; };
		9B29E5BB24579584007C12FA /* Assets.xcassets in Resources */ = {isa = PBXBuildFile; fileRef = 9B29E5BA24579584007C12FA /* Assets.xcassets */; };
		9B29E5BE24579584007C12FA /* LaunchScreen.storyboard in Resources */ = {isa = PBXBuildFile; fileRef = 9B29E5BC24579584007C12FA /* LaunchScreen.storyboard */; };
		9B29E5C824579CE8007C12FA /* mock.json in Resources */ = {isa = PBXBuildFile; fileRef = 9B29E5C724579CE8007C12FA /* mock.json */; };
/* End PBXBuildFile section */

/* Begin PBXContainerItemProxy section */
		9B113F7D245A017C00C98EA4 /* PBXContainerItemProxy */ = {
			isa = PBXContainerItemProxy;
			containerPortal = 9B29E5A624579582007C12FA /* Project object */;
			proxyType = 1;
			remoteGlobalIDString = 9B29E5AD24579582007C12FA;
			remoteInfo = "Upcoming Events";
		};
/* End PBXContainerItemProxy section */

/* Begin PBXFileReference section */
		9B113F5624593A9D00C98EA4 /* SceneDelegate.swift */ = {isa = PBXFileReference; fileEncoding = 4; lastKnownFileType = sourcecode.swift; path = SceneDelegate.swift; sourceTree = "<group>"; };
		9B113F78245A017C00C98EA4 /* Upcoming EventsTests.xctest */ = {isa = PBXFileReference; explicitFileType = wrapper.cfbundle; includeInIndex = 0; path = "Upcoming EventsTests.xctest"; sourceTree = BUILT_PRODUCTS_DIR; };
		9B113F7A245A017C00C98EA4 /* Upcoming_EventsTests.swift */ = {isa = PBXFileReference; lastKnownFileType = sourcecode.swift; path = Upcoming_EventsTests.swift; sourceTree = "<group>"; };
		9B113F7C245A017C00C98EA4 /* Info.plist */ = {isa = PBXFileReference; lastKnownFileType = text.plist.xml; path = Info.plist; sourceTree = "<group>"; };
		9B113F85245A065300C98EA4 /* testEvents.json */ = {isa = PBXFileReference; fileEncoding = 4; lastKnownFileType = text.json; path = testEvents.json; sourceTree = "<group>"; };
		9B29E5AE24579582007C12FA /* Upcoming Events.app */ = {isa = PBXFileReference; explicitFileType = wrapper.application; includeInIndex = 0; path = "Upcoming Events.app"; sourceTree = BUILT_PRODUCTS_DIR; };
		9B29E5B124579582007C12FA /* AppDelegate.swift */ = {isa = PBXFileReference; lastKnownFileType = sourcecode.swift; path = AppDelegate.swift; sourceTree = "<group>"; };
		9B29E5B524579582007C12FA /* ViewController.swift */ = {isa = PBXFileReference; lastKnownFileType = sourcecode.swift; path = ViewController.swift; sourceTree = "<group>"; };
		9B29E5B824579582007C12FA /* Base */ = {isa = PBXFileReference; lastKnownFileType = file.storyboard; name = Base; path = Base.lproj/Main.storyboard; sourceTree = "<group>"; };
		9B29E5BA24579584007C12FA /* Assets.xcassets */ = {isa = PBXFileReference; lastKnownFileType = folder.assetcatalog; path = Assets.xcassets; sourceTree = "<group>"; };
		9B29E5BD24579584007C12FA /* Base */ = {isa = PBXFileReference; lastKnownFileType = file.storyboard; name = Base; path = Base.lproj/LaunchScreen.storyboard; sourceTree = "<group>"; };
		9B29E5BF24579584007C12FA /* Info.plist */ = {isa = PBXFileReference; lastKnownFileType = text.plist.xml; path = Info.plist; sourceTree = "<group>"; };
		9B29E5C724579CE8007C12FA /* mock.json */ = {isa = PBXFileReference; fileEncoding = 4; lastKnownFileType = text.json; path = mock.json; sourceTree = "<group>"; };
/* End PBXFileReference section */

/* Begin PBXFrameworksBuildPhase section */
		9B113F75245A017C00C98EA4 /* Frameworks */ = {
			isa = PBXFrameworksBuildPhase;
			buildActionMask = 2147483647;
			files = (
			);
			runOnlyForDeploymentPostprocessing = 0;
		};
		9B29E5AB24579582007C12FA /* Frameworks */ = {
			isa = PBXFrameworksBuildPhase;
			buildActionMask = 2147483647;
			files = (
			);
			runOnlyForDeploymentPostprocessing = 0;
		};
/* End PBXFrameworksBuildPhase section */

/* Begin PBXGroup section */
		9B113F79245A017C00C98EA4 /* Upcoming EventsTests */ = {
			isa = PBXGroup;
			children = (
				9B113F7A245A017C00C98EA4 /* Upcoming_EventsTests.swift */,
				9B113F7C245A017C00C98EA4 /* Info.plist */,
			);
			path = "Upcoming EventsTests";
			sourceTree = "<group>";
		};
		9B29E5A524579582007C12FA = {
			isa = PBXGroup;
			children = (
				9B29E5B024579582007C12FA /* Upcoming Events */,
				9B113F79245A017C00C98EA4 /* Upcoming EventsTests */,
				9B29E5AF24579582007C12FA /* Products */,
			);
			sourceTree = "<group>";
		};
		9B29E5AF24579582007C12FA /* Products */ = {
			isa = PBXGroup;
			children = (
				9B29E5AE24579582007C12FA /* Upcoming Events.app */,
				9B113F78245A017C00C98EA4 /* Upcoming EventsTests.xctest */,
			);
			name = Products;
			sourceTree = "<group>";
		};
		9B29E5B024579582007C12FA /* Upcoming Events */ = {
			isa = PBXGroup;
			children = (
				9B29E5B124579582007C12FA /* AppDelegate.swift */,
				9B29E5B524579582007C12FA /* ViewController.swift */,
				9B113F5624593A9D00C98EA4 /* SceneDelegate.swift */,
				9B29E5B724579582007C12FA /* Main.storyboard */,
				9B29E5BA24579584007C12FA /* Assets.xcassets */,
				9B29E5BC24579584007C12FA /* LaunchScreen.storyboard */,
				9B29E5C724579CE8007C12FA /* mock.json */,
				9B113F85245A065300C98EA4 /* testEvents.json */,
				9B29E5BF24579584007C12FA /* Info.plist */,
			);
			path = "Upcoming Events";
			sourceTree = "<group>";
		};
/* End PBXGroup section */

/* Begin PBXNativeTarget section */
		9B113F77245A017C00C98EA4 /* Upcoming EventsTests */ = {
			isa = PBXNativeTarget;
			buildConfigurationList = 9B113F7F245A017C00C98EA4 /* Build configuration list for PBXNativeTarget "Upcoming EventsTests" */;
			buildPhases = (
				9B113F74245A017C00C98EA4 /* Sources */,
				9B113F75245A017C00C98EA4 /* Frameworks */,
				9B113F76245A017C00C98EA4 /* Resources */,
			);
			buildRules = (
			);
			dependencies = (
				9B113F7E245A017C00C98EA4 /* PBXTargetDependency */,
			);
			name = "Upcoming EventsTests";
			productName = "Upcoming EventsTests";
			productReference = 9B113F78245A017C00C98EA4 /* Upcoming EventsTests.xctest */;
			productType = "com.apple.product-type.bundle.unit-test";
		};
		9B29E5AD24579582007C12FA /* Upcoming Events */ = {
			isa = PBXNativeTarget;
			buildConfigurationList = 9B29E5C224579584007C12FA /* Build configuration list for PBXNativeTarget "Upcoming Events" */;
			buildPhases = (
				9B29E5AA24579582007C12FA /* Sources */,
				9B29E5AB24579582007C12FA /* Frameworks */,
				9B29E5AC24579582007C12FA /* Resources */,
			);
			buildRules = (
			);
			dependencies = (
			);
			name = "Upcoming Events";
			productName = "Upcoming Events";
			productReference = 9B29E5AE24579582007C12FA /* Upcoming Events.app */;
			productType = "com.apple.product-type.application";
		};
/* End PBXNativeTarget section */

/* Begin PBXProject section */
		9B29E5A624579582007C12FA /* Project object */ = {
			isa = PBXProject;
			attributes = {
				LastSwiftUpdateCheck = 1100;
				LastUpgradeCheck = 1100;
				ORGANIZATIONNAME = "Shannon Ma";
				TargetAttributes = {
					9B113F77245A017C00C98EA4 = {
						CreatedOnToolsVersion = 11.0;
						TestTargetID = 9B29E5AD24579582007C12FA;
					};
					9B29E5AD24579582007C12FA = {
						CreatedOnToolsVersion = 11.0;
					};
				};
			};
			buildConfigurationList = 9B29E5A924579582007C12FA /* Build configuration list for PBXProject "Upcoming Events" */;
			compatibilityVersion = "Xcode 9.3";
			developmentRegion = en;
			hasScannedForEncodings = 0;
			knownRegions = (
				en,
				Base,
			);
			mainGroup = 9B29E5A524579582007C12FA;
			productRefGroup = 9B29E5AF24579582007C12FA /* Products */;
			projectDirPath = "";
			projectRoot = "";
			targets = (
				9B29E5AD24579582007C12FA /* Upcoming Events */,
				9B113F77245A017C00C98EA4 /* Upcoming EventsTests */,
			);
		};
/* End PBXProject section */

/* Begin PBXResourcesBuildPhase section */
		9B113F76245A017C00C98EA4 /* Resources */ = {
			isa = PBXResourcesBuildPhase;
			buildActionMask = 2147483647;
			files = (
				9B113F87245A065300C98EA4 /* testEvents.json in Resources */,
			);
			runOnlyForDeploymentPostprocessing = 0;
		};
		9B29E5AC24579582007C12FA /* Resources */ = {
			isa = PBXResourcesBuildPhase;
			buildActionMask = 2147483647;
			files = (
				9B29E5BE24579584007C12FA /* LaunchScreen.storyboard in Resources */,
				9B113F86245A065300C98EA4 /* testEvents.json in Resources */,
				9B29E5BB24579584007C12FA /* Assets.xcassets in Resources */,
				9B29E5B924579582007C12FA /* Main.storyboard in Resources */,
				9B29E5C824579CE8007C12FA /* mock.json in Resources */,
			);
			runOnlyForDeploymentPostprocessing = 0;
		};
/* End PBXResourcesBuildPhase section */

/* Begin PBXSourcesBuildPhase section */
		9B113F74245A017C00C98EA4 /* Sources */ = {
			isa = PBXSourcesBuildPhase;
			buildActionMask = 2147483647;
			files = (
				9B113F7B245A017C00C98EA4 /* Upcoming_EventsTests.swift in Sources */,
			);
			runOnlyForDeploymentPostprocessing = 0;
		};
		9B29E5AA24579582007C12FA /* Sources */ = {
			isa = PBXSourcesBuildPhase;
			buildActionMask = 2147483647;
			files = (
				9B29E5B624579582007C12FA /* ViewController.swift in Sources */,
				9B29E5B224579582007C12FA /* AppDelegate.swift in Sources */,
				9B113F5724593A9D00C98EA4 /* SceneDelegate.swift in Sources */,
			);
			runOnlyForDeploymentPostprocessing = 0;
		};
/* End PBXSourcesBuildPhase section */

/* Begin PBXTargetDependency section */
		9B113F7E245A017C00C98EA4 /* PBXTargetDependency */ = {
			isa = PBXTargetDependency;
			target = 9B29E5AD24579582007C12FA /* Upcoming Events */;
			targetProxy = 9B113F7D245A017C00C98EA4 /* PBXContainerItemProxy */;
		};
/* End PBXTargetDependency section */

/* Begin PBXVariantGroup section */
		9B29E5B724579582007C12FA /* Main.storyboard */ = {
			isa = PBXVariantGroup;
			children = (
				9B29E5B824579582007C12FA /* Base */,
			);
			name = Main.storyboard;
			sourceTree = "<group>";
		};
		9B29E5BC24579584007C12FA /* LaunchScreen.storyboard */ = {
			isa = PBXVariantGroup;
			children = (
				9B29E5BD24579584007C12FA /* Base */,
			);
			name = LaunchScreen.storyboard;
			sourceTree = "<group>";
		};
/* End PBXVariantGroup section */

/* Begin XCBuildConfiguration section */
		9B113F80245A017C00C98EA4 /* Debug */ = {
			isa = XCBuildConfiguration;
			buildSettings = {
				BUNDLE_LOADER = "$(TEST_HOST)";
				CODE_SIGN_STYLE = Automatic;
				DEVELOPMENT_TEAM = 5M3WPMDPCW;
				INFOPLIST_FILE = "Upcoming EventsTests/Info.plist";
				LD_RUNPATH_SEARCH_PATHS = (
					"$(inherited)",
					"@executable_path/Frameworks",
					"@loader_path/Frameworks",
				);
				PRODUCT_BUNDLE_IDENTIFIER = "com.shannon.Upcoming-EventsTests";
				PRODUCT_NAME = "$(TARGET_NAME)";
				SWIFT_VERSION = 5.0;
				TARGETED_DEVICE_FAMILY = "1,2";
				TEST_HOST = "$(BUILT_PRODUCTS_DIR)/Upcoming Events.app/Upcoming Events";
			};
			name = Debug;
		};
		9B113F81245A017C00C98EA4 /* Release */ = {
			isa = XCBuildConfiguration;
			buildSettings = {
				BUNDLE_LOADER = "$(TEST_HOST)";
				CODE_SIGN_STYLE = Automatic;
				DEVELOPMENT_TEAM = 5M3WPMDPCW;
				INFOPLIST_FILE = "Upcoming EventsTests/Info.plist";
				LD_RUNPATH_SEARCH_PATHS = (
					"$(inherited)",
					"@executable_path/Frameworks",
					"@loader_path/Frameworks",
				);
				PRODUCT_BUNDLE_IDENTIFIER = "com.shannon.Upcoming-EventsTests";
				PRODUCT_NAME = "$(TARGET_NAME)";
				SWIFT_VERSION = 5.0;
				TARGETED_DEVICE_FAMILY = "1,2";
				TEST_HOST = "$(BUILT_PRODUCTS_DIR)/Upcoming Events.app/Upcoming Events";
			};
			name = Release;
		};
		9B29E5C024579584007C12FA /* Debug */ = {
			isa = XCBuildConfiguration;
			buildSettings = {
				ALWAYS_SEARCH_USER_PATHS = NO;
				CLANG_ANALYZER_NONNULL = YES;
				CLANG_ANALYZER_NUMBER_OBJECT_CONVERSION = YES_AGGRESSIVE;
				CLANG_CXX_LANGUAGE_STANDARD = "gnu++14";
				CLANG_CXX_LIBRARY = "libc++";
				CLANG_ENABLE_MODULES = YES;
				CLANG_ENABLE_OBJC_ARC = YES;
				CLANG_ENABLE_OBJC_WEAK = YES;
				CLANG_WARN_BLOCK_CAPTURE_AUTORELEASING = YES;
				CLANG_WARN_BOOL_CONVERSION = YES;
				CLANG_WARN_COMMA = YES;
				CLANG_WARN_CONSTANT_CONVERSION = YES;
				CLANG_WARN_DEPRECATED_OBJC_IMPLEMENTATIONS = YES;
				CLANG_WARN_DIRECT_OBJC_ISA_USAGE = YES_ERROR;
				CLANG_WARN_DOCUMENTATION_COMMENTS = YES;
				CLANG_WARN_EMPTY_BODY = YES;
				CLANG_WARN_ENUM_CONVERSION = YES;
				CLANG_WARN_INFINITE_RECURSION = YES;
				CLANG_WARN_INT_CONVERSION = YES;
				CLANG_WARN_NON_LITERAL_NULL_CONVERSION = YES;
				CLANG_WARN_OBJC_IMPLICIT_RETAIN_SELF = YES;
				CLANG_WARN_OBJC_LITERAL_CONVERSION = YES;
				CLANG_WARN_OBJC_ROOT_CLASS = YES_ERROR;
				CLANG_WARN_RANGE_LOOP_ANALYSIS = YES;
				CLANG_WARN_STRICT_PROTOTYPES = YES;
				CLANG_WARN_SUSPICIOUS_MOVE = YES;
				CLANG_WARN_UNGUARDED_AVAILABILITY = YES_AGGRESSIVE;
				CLANG_WARN_UNREACHABLE_CODE = YES;
				CLANG_WARN__DUPLICATE_METHOD_MATCH = YES;
				COPY_PHASE_STRIP = NO;
				DEBUG_INFORMATION_FORMAT = dwarf;
				ENABLE_STRICT_OBJC_MSGSEND = YES;
				ENABLE_TESTABILITY = YES;
				GCC_C_LANGUAGE_STANDARD = gnu11;
				GCC_DYNAMIC_NO_PIC = NO;
				GCC_NO_COMMON_BLOCKS = YES;
				GCC_OPTIMIZATION_LEVEL = 0;
				GCC_PREPROCESSOR_DEFINITIONS = (
					"DEBUG=1",
					"$(inherited)",
				);
				GCC_WARN_64_TO_32_BIT_CONVERSION = YES;
				GCC_WARN_ABOUT_RETURN_TYPE = YES_ERROR;
				GCC_WARN_UNDECLARED_SELECTOR = YES;
				GCC_WARN_UNINITIALIZED_AUTOS = YES_AGGRESSIVE;
				GCC_WARN_UNUSED_FUNCTION = YES;
				GCC_WARN_UNUSED_VARIABLE = YES;
				IPHONEOS_DEPLOYMENT_TARGET = 13.0;
				MTL_ENABLE_DEBUG_INFO = INCLUDE_SOURCE;
				MTL_FAST_MATH = YES;
				ONLY_ACTIVE_ARCH = YES;
				SDKROOT = iphoneos;
				SWIFT_ACTIVE_COMPILATION_CONDITIONS = DEBUG;
				SWIFT_OPTIMIZATION_LEVEL = "-Onone";
			};
			name = Debug;
		};
		9B29E5C124579584007C12FA /* Release */ = {
			isa = XCBuildConfiguration;
			buildSettings = {
				ALWAYS_SEARCH_USER_PATHS = NO;
				CLANG_ANALYZER_NONNULL = YES;
				CLANG_ANALYZER_NUMBER_OBJECT_CONVERSION = YES_AGGRESSIVE;
				CLANG_CXX_LANGUAGE_STANDARD = "gnu++14";
				CLANG_CXX_LIBRARY = "libc++";
				CLANG_ENABLE_MODULES = YES;
				CLANG_ENABLE_OBJC_ARC = YES;
				CLANG_ENABLE_OBJC_WEAK = YES;
				CLANG_WARN_BLOCK_CAPTURE_AUTORELEASING = YES;
				CLANG_WARN_BOOL_CONVERSION = YES;
				CLANG_WARN_COMMA = YES;
				CLANG_WARN_CONSTANT_CONVERSION = YES;
				CLANG_WARN_DEPRECATED_OBJC_IMPLEMENTATIONS = YES;
				CLANG_WARN_DIRECT_OBJC_ISA_USAGE = YES_ERROR;
				CLANG_WARN_DOCUMENTATION_COMMENTS = YES;
				CLANG_WARN_EMPTY_BODY = YES;
				CLANG_WARN_ENUM_CONVERSION = YES;
				CLANG_WARN_INFINITE_RECURSION = YES;
				CLANG_WARN_INT_CONVERSION = YES;
				CLANG_WARN_NON_LITERAL_NULL_CONVERSION = YES;
				CLANG_WARN_OBJC_IMPLICIT_RETAIN_SELF = YES;
				CLANG_WARN_OBJC_LITERAL_CONVERSION = YES;
				CLANG_WARN_OBJC_ROOT_CLASS = YES_ERROR;
				CLANG_WARN_RANGE_LOOP_ANALYSIS = YES;
				CLANG_WARN_STRICT_PROTOTYPES = YES;
				CLANG_WARN_SUSPICIOUS_MOVE = YES;
				CLANG_WARN_UNGUARDED_AVAILABILITY = YES_AGGRESSIVE;
				CLANG_WARN_UNREACHABLE_CODE = YES;
				CLANG_WARN__DUPLICATE_METHOD_MATCH = YES;
				COPY_PHASE_STRIP = NO;
				DEBUG_INFORMATION_FORMAT = "dwarf-with-dsym";
				ENABLE_NS_ASSERTIONS = NO;
				ENABLE_STRICT_OBJC_MSGSEND = YES;
				GCC_C_LANGUAGE_STANDARD = gnu11;
				GCC_NO_COMMON_BLOCKS = YES;
				GCC_WARN_64_TO_32_BIT_CONVERSION = YES;
				GCC_WARN_ABOUT_RETURN_TYPE = YES_ERROR;
				GCC_WARN_UNDECLARED_SELECTOR = YES;
				GCC_WARN_UNINITIALIZED_AUTOS = YES_AGGRESSIVE;
				GCC_WARN_UNUSED_FUNCTION = YES;
				GCC_WARN_UNUSED_VARIABLE = YES;
				IPHONEOS_DEPLOYMENT_TARGET = 13.0;
				MTL_ENABLE_DEBUG_INFO = NO;
				MTL_FAST_MATH = YES;
				SDKROOT = iphoneos;
				SWIFT_COMPILATION_MODE = wholemodule;
				SWIFT_OPTIMIZATION_LEVEL = "-O";
				VALIDATE_PRODUCT = YES;
			};
			name = Release;
		};
		9B29E5C324579584007C12FA /* Debug */ = {
			isa = XCBuildConfiguration;
			buildSettings = {
				ASSETCATALOG_COMPILER_APPICON_NAME = AppIcon;
				CODE_SIGN_STYLE = Automatic;
				DEVELOPMENT_TEAM = 5M3WPMDPCW;
				INFOPLIST_FILE = "Upcoming Events/Info.plist";
				LD_RUNPATH_SEARCH_PATHS = (
					"$(inherited)",
					"@executable_path/Frameworks",
				);
				PRODUCT_BUNDLE_IDENTIFIER = "com.shannon.Upcoming-Events";
				PRODUCT_NAME = "$(TARGET_NAME)";
				SWIFT_VERSION = 5.0;
				TARGETED_DEVICE_FAMILY = "1,2";
			};
			name = Debug;
		};
		9B29E5C424579584007C12FA /* Release */ = {
			isa = XCBuildConfiguration;
			buildSettings = {
				ASSETCATALOG_COMPILER_APPICON_NAME = AppIcon;
				CODE_SIGN_STYLE = Automatic;
				DEVELOPMENT_TEAM = 5M3WPMDPCW;
				INFOPLIST_FILE = "Upcoming Events/Info.plist";
				LD_RUNPATH_SEARCH_PATHS = (
					"$(inherited)",
					"@executable_path/Frameworks",
				);
				PRODUCT_BUNDLE_IDENTIFIER = "com.shannon.Upcoming-Events";
				PRODUCT_NAME = "$(TARGET_NAME)";
				SWIFT_VERSION = 5.0;
				TARGETED_DEVICE_FAMILY = "1,2";
			};
			name = Release;
		};
/* End XCBuildConfiguration section */

/* Begin XCConfigurationList section */
		9B113F7F245A017C00C98EA4 /* Build configuration list for PBXNativeTarget "Upcoming EventsTests" */ = {
			isa = XCConfigurationList;
			buildConfigurations = (
				9B113F80245A017C00C98EA4 /* Debug */,
				9B113F81245A017C00C98EA4 /* Release */,
			);
			defaultConfigurationIsVisible = 0;
			defaultConfigurationName = Release;
		};
		9B29E5A924579582007C12FA /* Build configuration list for PBXProject "Upcoming Events" */ = {
			isa = XCConfigurationList;
			buildConfigurations = (
				9B29E5C024579584007C12FA /* Debug */,
				9B29E5C124579584007C12FA /* Release */,
			);
			defaultConfigurationIsVisible = 0;
			defaultConfigurationName = Release;
		};
		9B29E5C224579584007C12FA /* Build configuration list for PBXNativeTarget "Upcoming Events" */ = {
			isa = XCConfigurationList;
			buildConfigurations = (
				9B29E5C324579584007C12FA /* Debug */,
				9B29E5C424579584007C12FA /* Release */,
			);
			defaultConfigurationIsVisible = 0;
			defaultConfigurationName = Release;
		};
/* End XCConfigurationList section */
	};
	rootObject = 9B29E5A624579582007C12FA /* Project object */;
}
